
Microsoft Visual Studio Solution File, Format Version 12.00
# Visual Studio 15
VisualStudioVersion = 15.0.28010.2036
MinimumVisualStudioVersion = 10.0.40219.1
Project("{FAE04EC0-301F-11D3-BF4B-00C04F79EFBC}") = "MinSveparn", "MinSveparn\MinSveparn.csproj", "{A2345CAA-A46C-4DE5-BAA4-6189A9EE7789}"
EndProject
Global
	GlobalSection(SolutionConfigurationPlatforms) = preSolution
		Debug|Any CPU = Debug|Any CPU
		Release|Any CPU = Release|Any CPU
	EndGlobalSection
	GlobalSection(ProjectConfigurationPlatforms) = postSolution
		{A2345CAA-A46C-4DE5-BAA4-6189A9EE7789}.Debug|Any CPU.ActiveCfg = Debug|Any CPU
		{A2345CAA-A46C-4DE5-BAA4-6189A9EE7789}.Debug|Any CPU.Build.0 = Debug|Any CPU
		{A2345CAA-A46C-4DE5-BAA4-6189A9EE7789}.Release|Any CPU.ActiveCfg = Release|Any CPU
		{A2345CAA-A46C-4DE5-BAA4-6189A9EE7789}.Release|Any CPU.Build.0 = Release|Any CPU
	EndGlobalSection
	GlobalSection(SolutionProperties) = preSolution
		HideSolutionNode = FALSE
	EndGlobalSection
	GlobalSection(ExtensibilityGlobals) = postSolution
		SolutionGuid = {C83473A8-A020-4B82-9AF3-8162065E08EE}
	EndGlobalSection
EndGlobal
